
Microsoft Visual Studio Solution File, Format Version 12.00
# Visual Studio Version 17
VisualStudioVersion = 17.0.31903.59
MinimumVisualStudioVersion = 10.0.40219.1
Project("{FAE04EC0-301F-11D3-BF4B-00C04F79EFBC}") = "RosterMate.Api", "RosterMate.Api\RosterMate.Api.csproj", "{E4035887-A433-4987-BA97-0D0F7E72C22A}"
EndProject
Project("{FAE04EC0-301F-11D3-BF4B-00C04F79EFBC}") = "RosterMate.Application", "RosterMate.Application\RosterMate.Application.csproj", "{3D4CABE9-BDBB-405C-ACB9-3A5C9E91983D}"
EndProject
Project("{FAE04EC0-301F-11D3-BF4B-00C04F79EFBC}") = "RosterMate.Domain", "RosterMate.Domain\RosterMate.Domain.csproj", "{02ABEB81-42F3-4034-96B6-512A1EA29043}"
EndProject
Project("{FAE04EC0-301F-11D3-BF4B-00C04F79EFBC}") = "RosterMate.Infrastructure", "RosterMate.Infrastructure\RosterMate.Infrastructure.csproj", "{7FC68E60-02D0-4DCD-B96E-230FC8CEA68D}"
EndProject
Project("{FAE04EC0-301F-11D3-BF4B-00C04F79EFBC}") = "RosterMate.tests", "RosterMate.tests\RosterMate.tests.csproj", "{10568089-EEB6-456C-BD5C-49B0673EC26D}"
EndProject
Global
	GlobalSection(SolutionConfigurationPlatforms) = preSolution
		Debug|Any CPU = Debug|Any CPU
		Debug|x64 = Debug|x64
		Debug|x86 = Debug|x86
		Release|Any CPU = Release|Any CPU
		Release|x64 = Release|x64
		Release|x86 = Release|x86
	EndGlobalSection
	GlobalSection(ProjectConfigurationPlatforms) = postSolution
		{E4035887-A433-4987-BA97-0D0F7E72C22A}.Debug|Any CPU.ActiveCfg = Debug|Any CPU
		{E4035887-A433-4987-BA97-0D0F7E72C22A}.Debug|Any CPU.Build.0 = Debug|Any CPU
		{E4035887-A433-4987-BA97-0D0F7E72C22A}.Debug|x64.ActiveCfg = Debug|Any CPU
		{E4035887-A433-4987-BA97-0D0F7E72C22A}.Debug|x64.Build.0 = Debug|Any CPU
		{E4035887-A433-4987-BA97-0D0F7E72C22A}.Debug|x86.ActiveCfg = Debug|Any CPU
		{E4035887-A433-4987-BA97-0D0F7E72C22A}.Debug|x86.Build.0 = Debug|Any CPU
		{E4035887-A433-4987-BA97-0D0F7E72C22A}.Release|Any CPU.ActiveCfg = Release|Any CPU
		{E4035887-A433-4987-BA97-0D0F7E72C22A}.Release|Any CPU.Build.0 = Release|Any CPU
		{E4035887-A433-4987-BA97-0D0F7E72C22A}.Release|x64.ActiveCfg = Release|Any CPU
		{E4035887-A433-4987-BA97-0D0F7E72C22A}.Release|x64.Build.0 = Release|Any CPU
		{E4035887-A433-4987-BA97-0D0F7E72C22A}.Release|x86.ActiveCfg = Release|Any CPU
		{E4035887-A433-4987-BA97-0D0F7E72C22A}.Release|x86.Build.0 = Release|Any CPU
		{3D4CABE9-BDBB-405C-ACB9-3A5C9E91983D}.Debug|Any CPU.ActiveCfg = Debug|Any CPU
		{3D4CABE9-BDBB-405C-ACB9-3A5C9E91983D}.Debug|Any CPU.Build.0 = Debug|Any CPU
		{3D4CABE9-BDBB-405C-ACB9-3A5C9E91983D}.Debug|x64.ActiveCfg = Debug|Any CPU
		{3D4CABE9-BDBB-405C-ACB9-3A5C9E91983D}.Debug|x64.Build.0 = Debug|Any CPU
		{3D4CABE9-BDBB-405C-ACB9-3A5C9E91983D}.Debug|x86.ActiveCfg = Debug|Any CPU
		{3D4CABE9-BDBB-405C-ACB9-3A5C9E91983D}.Debug|x86.Build.0 = Debug|Any CPU
		{3D4CABE9-BDBB-405C-ACB9-3A5C9E91983D}.Release|Any CPU.ActiveCfg = Release|Any CPU
		{3D4CABE9-BDBB-405C-ACB9-3A5C9E91983D}.Release|Any CPU.Build.0 = Release|Any CPU
		{3D4CABE9-BDBB-405C-ACB9-3A5C9E91983D}.Release|x64.ActiveCfg = Release|Any CPU
		{3D4CABE9-BDBB-405C-ACB9-3A5C9E91983D}.Release|x64.Build.0 = Release|Any CPU
		{3D4CABE9-BDBB-405C-ACB9-3A5C9E91983D}.Release|x86.ActiveCfg = Release|Any CPU
		{3D4CABE9-BDBB-405C-ACB9-3A5C9E91983D}.Release|x86.Build.0 = Release|Any CPU
		{02ABEB81-42F3-4034-96B6-512A1EA29043}.Debug|Any CPU.ActiveCfg = Debug|Any CPU
		{02ABEB81-42F3-4034-96B6-512A1EA29043}.Debug|Any CPU.Build.0 = Debug|Any CPU
		{02ABEB81-42F3-4034-96B6-512A1EA29043}.Debug|x64.ActiveCfg = Debug|Any CPU
		{02ABEB81-42F3-4034-96B6-512A1EA29043}.Debug|x64.Build.0 = Debug|Any CPU
		{02ABEB81-42F3-4034-96B6-512A1EA29043}.Debug|x86.ActiveCfg = Debug|Any CPU
		{02ABEB81-42F3-4034-96B6-512A1EA29043}.Debug|x86.Build.0 = Debug|Any CPU
		{02ABEB81-42F3-4034-96B6-512A1EA29043}.Release|Any CPU.ActiveCfg = Release|Any CPU
		{02ABEB81-42F3-4034-96B6-512A1EA29043}.Release|Any CPU.Build.0 = Release|Any CPU
		{02ABEB81-42F3-4034-96B6-512A1EA29043}.Release|x64.ActiveCfg = Release|Any CPU
		{02ABEB81-42F3-4034-96B6-512A1EA29043}.Release|x64.Build.0 = Release|Any CPU
		{02ABEB81-42F3-4034-96B6-512A1EA29043}.Release|x86.ActiveCfg = Release|Any CPU
		{02ABEB81-42F3-4034-96B6-512A1EA29043}.Release|x86.Build.0 = Release|Any CPU
		{7FC68E60-02D0-4DCD-B96E-230FC8CEA68D}.Debug|Any CPU.ActiveCfg = Debug|Any CPU
		{7FC68E60-02D0-4DCD-B96E-230FC8CEA68D}.Debug|Any CPU.Build.0 = Debug|Any CPU
		{7FC68E60-02D0-4DCD-B96E-230FC8CEA68D}.Debug|x64.ActiveCfg = Debug|Any CPU
		{7FC68E60-02D0-4DCD-B96E-230FC8CEA68D}.Debug|x64.Build.0 = Debug|Any CPU
		{7FC68E60-02D0-4DCD-B96E-230FC8CEA68D}.Debug|x86.ActiveCfg = Debug|Any CPU
		{7FC68E60-02D0-4DCD-B96E-230FC8CEA68D}.Debug|x86.Build.0 = Debug|Any CPU
		{7FC68E60-02D0-4DCD-B96E-230FC8CEA68D}.Release|Any CPU.ActiveCfg = Release|Any CPU
		{7FC68E60-02D0-4DCD-B96E-230FC8CEA68D}.Release|Any CPU.Build.0 = Release|Any CPU
		{7FC68E60-02D0-4DCD-B96E-230FC8CEA68D}.Release|x64.ActiveCfg = Release|Any CPU
		{7FC68E60-02D0-4DCD-B96E-230FC8CEA68D}.Release|x64.Build.0 = Release|Any CPU
		{7FC68E60-02D0-4DCD-B96E-230FC8CEA68D}.Release|x86.ActiveCfg = Release|Any CPU
		{7FC68E60-02D0-4DCD-B96E-230FC8CEA68D}.Release|x86.Build.0 = Release|Any CPU
		{10568089-EEB6-456C-BD5C-49B0673EC26D}.Debug|Any CPU.ActiveCfg = Debug|Any CPU
		{10568089-EEB6-456C-BD5C-49B0673EC26D}.Debug|Any CPU.Build.0 = Debug|Any CPU
		{10568089-EEB6-456C-BD5C-49B0673EC26D}.Debug|x64.ActiveCfg = Debug|Any CPU
		{10568089-EEB6-456C-BD5C-49B0673EC26D}.Debug|x64.Build.0 = Debug|Any CPU
		{10568089-EEB6-456C-BD5C-49B0673EC26D}.Debug|x86.ActiveCfg = Debug|Any CPU
		{10568089-EEB6-456C-BD5C-49B0673EC26D}.Debug|x86.Build.0 = Debug|Any CPU
		{10568089-EEB6-456C-BD5C-49B0673EC26D}.Release|Any CPU.ActiveCfg = Release|Any CPU
		{10568089-EEB6-456C-BD5C-49B0673EC26D}.Release|Any CPU.Build.0 = Release|Any CPU
		{10568089-EEB6-456C-BD5C-49B0673EC26D}.Release|x64.ActiveCfg = Release|Any CPU
		{10568089-EEB6-456C-BD5C-49B0673EC26D}.Release|x64.Build.0 = Release|Any CPU
		{10568089-EEB6-456C-BD5C-49B0673EC26D}.Release|x86.ActiveCfg = Release|Any CPU
		{10568089-EEB6-456C-BD5C-49B0673EC26D}.Release|x86.Build.0 = Release|Any CPU
	EndGlobalSection
	GlobalSection(SolutionProperties) = preSolution
		HideSolutionNode = FALSE
	EndGlobalSection
EndGlobal
