
Microsoft Visual Studio Solution File, Format Version 12.00
# Visual Studio Version 17
VisualStudioVersion = 17.0.31903.59
MinimumVisualStudioVersion = 10.0.40219.1
Project("{FAE04EC0-301F-11D3-BF4B-00C04F79EFBC}") = "RosterMate.Api", "RosterMate.Api\RosterMate.Api.csproj", "{3AC005B9-A1D7-4171-944D-7C7DF7ACC000}"
EndProject
Project("{FAE04EC0-301F-11D3-BF4B-00C04F79EFBC}") = "RosterMate.Domain", "RosterMate.Domain\RosterMate.Domain.csproj", "{68C55CA3-393A-4D72-8413-C4A90650FC88}"
EndProject
Project("{FAE04EC0-301F-11D3-BF4B-00C04F79EFBC}") = "RosterMate.Application", "RosterMate.Application\RosterMate.Application.csproj", "{4E9B45BB-F03E-47A7-9040-66ED668C8D83}"
EndProject
Project("{FAE04EC0-301F-11D3-BF4B-00C04F79EFBC}") = "RosterMate.Infrastructure", "RosterMate.Infrastructure\RosterMate.Infrastructure.csproj", "{95875E1B-9D66-4806-9AA8-5D78C90E48A6}"
EndProject
Project("{FAE04EC0-301F-11D3-BF4B-00C04F79EFBC}") = "RosterMate.tests", "RosterMate.tests\RosterMate.tests.csproj", "{9953945A-50A4-4616-95B1-A5B984F6FE1C}"
EndProject
Global
	GlobalSection(SolutionConfigurationPlatforms) = preSolution
		Debug|Any CPU = Debug|Any CPU
		Debug|x64 = Debug|x64
		Debug|x86 = Debug|x86
		Release|Any CPU = Release|Any CPU
		Release|x64 = Release|x64
		Release|x86 = Release|x86
	EndGlobalSection
	GlobalSection(ProjectConfigurationPlatforms) = postSolution
		{3AC005B9-A1D7-4171-944D-7C7DF7ACC000}.Debug|Any CPU.ActiveCfg = Debug|Any CPU
		{3AC005B9-A1D7-4171-944D-7C7DF7ACC000}.Debug|Any CPU.Build.0 = Debug|Any CPU
		{3AC005B9-A1D7-4171-944D-7C7DF7ACC000}.Debug|x64.ActiveCfg = Debug|Any CPU
		{3AC005B9-A1D7-4171-944D-7C7DF7ACC000}.Debug|x64.Build.0 = Debug|Any CPU
		{3AC005B9-A1D7-4171-944D-7C7DF7ACC000}.Debug|x86.ActiveCfg = Debug|Any CPU
		{3AC005B9-A1D7-4171-944D-7C7DF7ACC000}.Debug|x86.Build.0 = Debug|Any CPU
		{3AC005B9-A1D7-4171-944D-7C7DF7ACC000}.Release|Any CPU.ActiveCfg = Release|Any CPU
		{3AC005B9-A1D7-4171-944D-7C7DF7ACC000}.Release|Any CPU.Build.0 = Release|Any CPU
		{3AC005B9-A1D7-4171-944D-7C7DF7ACC000}.Release|x64.ActiveCfg = Release|Any CPU
		{3AC005B9-A1D7-4171-944D-7C7DF7ACC000}.Release|x64.Build.0 = Release|Any CPU
		{3AC005B9-A1D7-4171-944D-7C7DF7ACC000}.Release|x86.ActiveCfg = Release|Any CPU
		{3AC005B9-A1D7-4171-944D-7C7DF7ACC000}.Release|x86.Build.0 = Release|Any CPU
		{68C55CA3-393A-4D72-8413-C4A90650FC88}.Debug|Any CPU.ActiveCfg = Debug|Any CPU
		{68C55CA3-393A-4D72-8413-C4A90650FC88}.Debug|Any CPU.Build.0 = Debug|Any CPU
		{68C55CA3-393A-4D72-8413-C4A90650FC88}.Debug|x64.ActiveCfg = Debug|Any CPU
		{68C55CA3-393A-4D72-8413-C4A90650FC88}.Debug|x64.Build.0 = Debug|Any CPU
		{68C55CA3-393A-4D72-8413-C4A90650FC88}.Debug|x86.ActiveCfg = Debug|Any CPU
		{68C55CA3-393A-4D72-8413-C4A90650FC88}.Debug|x86.Build.0 = Debug|Any CPU
		{68C55CA3-393A-4D72-8413-C4A90650FC88}.Release|Any CPU.ActiveCfg = Release|Any CPU
		{68C55CA3-393A-4D72-8413-C4A90650FC88}.Release|Any CPU.Build.0 = Release|Any CPU
		{68C55CA3-393A-4D72-8413-C4A90650FC88}.Release|x64.ActiveCfg = Release|Any CPU
		{68C55CA3-393A-4D72-8413-C4A90650FC88}.Release|x64.Build.0 = Release|Any CPU
		{68C55CA3-393A-4D72-8413-C4A90650FC88}.Release|x86.ActiveCfg = Release|Any CPU
		{68C55CA3-393A-4D72-8413-C4A90650FC88}.Release|x86.Build.0 = Release|Any CPU
		{4E9B45BB-F03E-47A7-9040-66ED668C8D83}.Debug|Any CPU.ActiveCfg = Debug|Any CPU
		{4E9B45BB-F03E-47A7-9040-66ED668C8D83}.Debug|Any CPU.Build.0 = Debug|Any CPU
		{4E9B45BB-F03E-47A7-9040-66ED668C8D83}.Debug|x64.ActiveCfg = Debug|Any CPU
		{4E9B45BB-F03E-47A7-9040-66ED668C8D83}.Debug|x64.Build.0 = Debug|Any CPU
		{4E9B45BB-F03E-47A7-9040-66ED668C8D83}.Debug|x86.ActiveCfg = Debug|Any CPU
		{4E9B45BB-F03E-47A7-9040-66ED668C8D83}.Debug|x86.Build.0 = Debug|Any CPU
		{4E9B45BB-F03E-47A7-9040-66ED668C8D83}.Release|Any CPU.ActiveCfg = Release|Any CPU
		{4E9B45BB-F03E-47A7-9040-66ED668C8D83}.Release|Any CPU.Build.0 = Release|Any CPU
		{4E9B45BB-F03E-47A7-9040-66ED668C8D83}.Release|x64.ActiveCfg = Release|Any CPU
		{4E9B45BB-F03E-47A7-9040-66ED668C8D83}.Release|x64.Build.0 = Release|Any CPU
		{4E9B45BB-F03E-47A7-9040-66ED668C8D83}.Release|x86.ActiveCfg = Release|Any CPU
		{4E9B45BB-F03E-47A7-9040-66ED668C8D83}.Release|x86.Build.0 = Release|Any CPU
		{95875E1B-9D66-4806-9AA8-5D78C90E48A6}.Debug|Any CPU.ActiveCfg = Debug|Any CPU
		{95875E1B-9D66-4806-9AA8-5D78C90E48A6}.Debug|Any CPU.Build.0 = Debug|Any CPU
		{95875E1B-9D66-4806-9AA8-5D78C90E48A6}.Debug|x64.ActiveCfg = Debug|Any CPU
		{95875E1B-9D66-4806-9AA8-5D78C90E48A6}.Debug|x64.Build.0 = Debug|Any CPU
		{95875E1B-9D66-4806-9AA8-5D78C90E48A6}.Debug|x86.ActiveCfg = Debug|Any CPU
		{95875E1B-9D66-4806-9AA8-5D78C90E48A6}.Debug|x86.Build.0 = Debug|Any CPU
		{95875E1B-9D66-4806-9AA8-5D78C90E48A6}.Release|Any CPU.ActiveCfg = Release|Any CPU
		{95875E1B-9D66-4806-9AA8-5D78C90E48A6}.Release|Any CPU.Build.0 = Release|Any CPU
		{95875E1B-9D66-4806-9AA8-5D78C90E48A6}.Release|x64.ActiveCfg = Release|Any CPU
		{95875E1B-9D66-4806-9AA8-5D78C90E48A6}.Release|x64.Build.0 = Release|Any CPU
		{95875E1B-9D66-4806-9AA8-5D78C90E48A6}.Release|x86.ActiveCfg = Release|Any CPU
		{95875E1B-9D66-4806-9AA8-5D78C90E48A6}.Release|x86.Build.0 = Release|Any CPU
		{9953945A-50A4-4616-95B1-A5B984F6FE1C}.Debug|Any CPU.ActiveCfg = Debug|Any CPU
		{9953945A-50A4-4616-95B1-A5B984F6FE1C}.Debug|Any CPU.Build.0 = Debug|Any CPU
		{9953945A-50A4-4616-95B1-A5B984F6FE1C}.Debug|x64.ActiveCfg = Debug|Any CPU
		{9953945A-50A4-4616-95B1-A5B984F6FE1C}.Debug|x64.Build.0 = Debug|Any CPU
		{9953945A-50A4-4616-95B1-A5B984F6FE1C}.Debug|x86.ActiveCfg = Debug|Any CPU
		{9953945A-50A4-4616-95B1-A5B984F6FE1C}.Debug|x86.Build.0 = Debug|Any CPU
		{9953945A-50A4-4616-95B1-A5B984F6FE1C}.Release|Any CPU.ActiveCfg = Release|Any CPU
		{9953945A-50A4-4616-95B1-A5B984F6FE1C}.Release|Any CPU.Build.0 = Release|Any CPU
		{9953945A-50A4-4616-95B1-A5B984F6FE1C}.Release|x64.ActiveCfg = Release|Any CPU
		{9953945A-50A4-4616-95B1-A5B984F6FE1C}.Release|x64.Build.0 = Release|Any CPU
		{9953945A-50A4-4616-95B1-A5B984F6FE1C}.Release|x86.ActiveCfg = Release|Any CPU
		{9953945A-50A4-4616-95B1-A5B984F6FE1C}.Release|x86.Build.0 = Release|Any CPU
	EndGlobalSection
	GlobalSection(SolutionProperties) = preSolution
		HideSolutionNode = FALSE
	EndGlobalSection
EndGlobal
